
Microsoft Visual Studio Solution File, Format Version 12.00
# Visual Studio Version 17
VisualStudioVersion = 17.5.33502.453
MinimumVisualStudioVersion = 10.0.40219.1
Project("{FAE04EC0-301F-11D3-BF4B-00C04F79EFBC}") = "NewsAPITest", "NewsAPITest\NewsAPITest.csproj", "{2CDC9178-BF4D-40A6-8587-21F79165A45A}"
EndProject
Global
	GlobalSection(SolutionConfigurationPlatforms) = preSolution
		Debug|Any CPU = Debug|Any CPU
		Release|Any CPU = Release|Any CPU
	EndGlobalSection
	GlobalSection(ProjectConfigurationPlatforms) = postSolution
		{2CDC9178-BF4D-40A6-8587-21F79165A45A}.Debug|Any CPU.ActiveCfg = Debug|Any CPU
		{2CDC9178-BF4D-40A6-8587-21F79165A45A}.Debug|Any CPU.Build.0 = Debug|Any CPU
		{2CDC9178-BF4D-40A6-8587-21F79165A45A}.Release|Any CPU.ActiveCfg = Release|Any CPU
		{2CDC9178-BF4D-40A6-8587-21F79165A45A}.Release|Any CPU.Build.0 = Release|Any CPU
	EndGlobalSection
	GlobalSection(SolutionProperties) = preSolution
		HideSolutionNode = FALSE
	EndGlobalSection
	GlobalSection(ExtensibilityGlobals) = postSolution
		SolutionGuid = {78069401-97A1-4038-B76B-483B7B9DADAC}
	EndGlobalSection
EndGlobal
